
Microsoft Visual Studio Solution File, Format Version 12.00
# Visual Studio Express 2013 for Windows Desktop
VisualStudioVersion = 12.0.21005.1
MinimumVisualStudioVersion = 10.0.40219.1
Project("{8BC9CEB8-8B4A-11D0-8D11-00A0C91BC942}") = "hw2", "hw2\hw2.vcxproj", "{14C452D6-6FC9-470E-AEEC-83801B068DE2}"
EndProject
Project("{8BC9CEB8-8B4A-11D0-8D11-00A0C91BC942}") = "UnitTest++", "ext\unittest++\UnitTest++.vcxproj", "{64A4FEFE-0461-4E95-8CC1-91EF5F57DBC6}"
EndProject
Project("{8BC9CEB8-8B4A-11D0-8D11-00A0C91BC942}") = "hw3", "hw3\hw3.vcxproj", "{356AB49E-F93E-4981-BB7E-4C27B4585F4B}"
EndProject
Project("{8BC9CEB8-8B4A-11D0-8D11-00A0C91BC942}") = "proj1", "proj1\proj1.vcxproj", "{49CD2E2A-E3BF-40BA-BEA9-D01C9E710597}"
EndProject
Project("{8BC9CEB8-8B4A-11D0-8D11-00A0C91BC942}") = "hw4", "hw4\hw4.vcxproj", "{4B8FB37C-7204-4923-83B9-F586934B3456}"
EndProject
Global
	GlobalSection(SolutionConfigurationPlatforms) = preSolution
		Debug|Win32 = Debug|Win32
		Release|Win32 = Release|Win32
	EndGlobalSection
	GlobalSection(ProjectConfigurationPlatforms) = postSolution
		{14C452D6-6FC9-470E-AEEC-83801B068DE2}.Debug|Win32.ActiveCfg = Debug|Win32
		{14C452D6-6FC9-470E-AEEC-83801B068DE2}.Debug|Win32.Build.0 = Debug|Win32
		{14C452D6-6FC9-470E-AEEC-83801B068DE2}.Release|Win32.ActiveCfg = Release|Win32
		{14C452D6-6FC9-470E-AEEC-83801B068DE2}.Release|Win32.Build.0 = Release|Win32
		{64A4FEFE-0461-4E95-8CC1-91EF5F57DBC6}.Debug|Win32.ActiveCfg = Debug|Win32
		{64A4FEFE-0461-4E95-8CC1-91EF5F57DBC6}.Debug|Win32.Build.0 = Debug|Win32
		{64A4FEFE-0461-4E95-8CC1-91EF5F57DBC6}.Release|Win32.ActiveCfg = Release|Win32
		{64A4FEFE-0461-4E95-8CC1-91EF5F57DBC6}.Release|Win32.Build.0 = Release|Win32
		{356AB49E-F93E-4981-BB7E-4C27B4585F4B}.Debug|Win32.ActiveCfg = Debug|Win32
		{356AB49E-F93E-4981-BB7E-4C27B4585F4B}.Debug|Win32.Build.0 = Debug|Win32
		{356AB49E-F93E-4981-BB7E-4C27B4585F4B}.Release|Win32.ActiveCfg = Release|Win32
		{356AB49E-F93E-4981-BB7E-4C27B4585F4B}.Release|Win32.Build.0 = Release|Win32
		{49CD2E2A-E3BF-40BA-BEA9-D01C9E710597}.Debug|Win32.ActiveCfg = Debug|Win32
		{49CD2E2A-E3BF-40BA-BEA9-D01C9E710597}.Debug|Win32.Build.0 = Debug|Win32
		{49CD2E2A-E3BF-40BA-BEA9-D01C9E710597}.Release|Win32.ActiveCfg = Release|Win32
		{49CD2E2A-E3BF-40BA-BEA9-D01C9E710597}.Release|Win32.Build.0 = Release|Win32
		{4B8FB37C-7204-4923-83B9-F586934B3456}.Debug|Win32.ActiveCfg = Debug|Win32
		{4B8FB37C-7204-4923-83B9-F586934B3456}.Debug|Win32.Build.0 = Debug|Win32
		{4B8FB37C-7204-4923-83B9-F586934B3456}.Release|Win32.ActiveCfg = Release|Win32
		{4B8FB37C-7204-4923-83B9-F586934B3456}.Release|Win32.Build.0 = Release|Win32
	EndGlobalSection
	GlobalSection(SolutionProperties) = preSolution
		HideSolutionNode = FALSE
	EndGlobalSection
EndGlobal
